// !$*UTF8*$!
{
	archiveVersion = 1;
	classes = {
	};
	objectVersion = 50;
	objects = {

/* Begin PBXBuildFile section */
		171043D1213F13630004930A /* BeachForecastTableViewCell.swift in Sources */ = {isa = PBXBuildFile; fileRef = 171043CF213F13630004930A /* BeachForecastTableViewCell.swift */; };
		171043D8213F6FE60004930A /* MockData.swift in Sources */ = {isa = PBXBuildFile; fileRef = 171043D7213F6FE60004930A /* MockData.swift */; };
		17301904215382940090D27D /* ForecastsViewController.swift in Sources */ = {isa = PBXBuildFile; fileRef = 17301903215382940090D27D /* ForecastsViewController.swift */; };
		1731E6E5211D6FA000D7E432 /* AppDelegate.swift in Sources */ = {isa = PBXBuildFile; fileRef = 1731E6E4211D6FA000D7E432 /* AppDelegate.swift */; };
		1731E6EA211D6FA000D7E432 /* Main.storyboard in Resources */ = {isa = PBXBuildFile; fileRef = 1731E6E8211D6FA000D7E432 /* Main.storyboard */; };
		1731E6EC211D6FA200D7E432 /* Assets.xcassets in Resources */ = {isa = PBXBuildFile; fileRef = 1731E6EB211D6FA200D7E432 /* Assets.xcassets */; };
		1731E6EF211D6FA200D7E432 /* LaunchScreen.storyboard in Resources */ = {isa = PBXBuildFile; fileRef = 1731E6ED211D6FA200D7E432 /* LaunchScreen.storyboard */; };
		1731E6FE211D712100D7E432 /* BeachForecastController.swift in Sources */ = {isa = PBXBuildFile; fileRef = 1731E6F7211D712100D7E432 /* BeachForecastController.swift */; };
		1731E700211D712100D7E432 /* Beach.swift in Sources */ = {isa = PBXBuildFile; fileRef = 1731E6F9211D712100D7E432 /* Beach.swift */; };
		1731E701211D712100D7E432 /* NetworkController.swift in Sources */ = {isa = PBXBuildFile; fileRef = 1731E6FA211D712100D7E432 /* NetworkController.swift */; };
		1731E702211D712100D7E432 /* BeachForecast.swift in Sources */ = {isa = PBXBuildFile; fileRef = 1731E6FB211D712100D7E432 /* BeachForecast.swift */; };
		1731E703211D712100D7E432 /* Forecast.swift in Sources */ = {isa = PBXBuildFile; fileRef = 1731E6FC211D712100D7E432 /* Forecast.swift */; };
		1731E706211D717500D7E432 /* BeachForecastsViewController.swift in Sources */ = {isa = PBXBuildFile; fileRef = 1731E705211D717500D7E432 /* BeachForecastsViewController.swift */; };
		17439BBE2141C774001E876A /* DetailedForecastView.swift in Sources */ = {isa = PBXBuildFile; fileRef = 17439BBD2141C774001E876A /* DetailedForecastView.swift */; };
		17439BDE214267AA001E876A /* HourlyForecastViewController.swift in Sources */ = {isa = PBXBuildFile; fileRef = 17439BDD214267AA001E876A /* HourlyForecastViewController.swift */; };
		17439BE221426C73001E876A /* HourlyForecastCollectionViewCell.swift in Sources */ = {isa = PBXBuildFile; fileRef = 17439BE121426C73001E876A /* HourlyForecastCollectionViewCell.swift */; };
		17A45D902151C4490054E554 /* FavoriteBeachesViewController.swift in Sources */ = {isa = PBXBuildFile; fileRef = 17A45D8F2151C4490054E554 /* FavoriteBeachesViewController.swift */; };
		17A45D922151C6700054E554 /* StorageController.swift in Sources */ = {isa = PBXBuildFile; fileRef = 17A45D912151C6700054E554 /* StorageController.swift */; };
		17C2E5882122B66500FAB47E /* DetailedForecastViewController.swift in Sources */ = {isa = PBXBuildFile; fileRef = 17C2E5872122B66500FAB47E /* DetailedForecastViewController.swift */; };
		17D8FBE921407B2E009F20B1 /* BeachForecastsView.swift in Sources */ = {isa = PBXBuildFile; fileRef = 17D8FBE821407B2E009F20B1 /* BeachForecastsView.swift */; };
		17E137C32155F5C700284820 /* Nunito-ExtraLightItalic.ttf in Resources */ = {isa = PBXBuildFile; fileRef = 17E137B52155F5B400284820 /* Nunito-ExtraLightItalic.ttf */; };
		17E137C42155F5C700284820 /* Nunito-Bold.ttf in Resources */ = {isa = PBXBuildFile; fileRef = 17E137B62155F5B600284820 /* Nunito-Bold.ttf */; };
		17E137C52155F5C700284820 /* Nunito-ExtraBold.ttf in Resources */ = {isa = PBXBuildFile; fileRef = 17E137B72155F5B700284820 /* Nunito-ExtraBold.ttf */; };
		17E137C62155F5C700284820 /* Nunito-Light.ttf in Resources */ = {isa = PBXBuildFile; fileRef = 17E137B82155F5B800284820 /* Nunito-Light.ttf */; };
		17E137C72155F5C700284820 /* Nunito-SemiBold.ttf in Resources */ = {isa = PBXBuildFile; fileRef = 17E137B92155F5BA00284820 /* Nunito-SemiBold.ttf */; };
		17E137C82155F5C700284820 /* Nunito-Black.ttf in Resources */ = {isa = PBXBuildFile; fileRef = 17E137BA2155F5BB00284820 /* Nunito-Black.ttf */; };
		17E137C92155F5C700284820 /* Nunito-BlackItalic.ttf in Resources */ = {isa = PBXBuildFile; fileRef = 17E137BB2155F5BC00284820 /* Nunito-BlackItalic.ttf */; };
		17E137CA2155F5C700284820 /* Nunito-SemiBoldItalic.ttf in Resources */ = {isa = PBXBuildFile; fileRef = 17E137BC2155F5BD00284820 /* Nunito-SemiBoldItalic.ttf */; };
		17E137CB2155F5C700284820 /* Nunito-BoldItalic.ttf in Resources */ = {isa = PBXBuildFile; fileRef = 17E137BD2155F5BF00284820 /* Nunito-BoldItalic.ttf */; };
		17E137CC2155F5C700284820 /* Nunito-Regular.ttf in Resources */ = {isa = PBXBuildFile; fileRef = 17E137BE2155F5C000284820 /* Nunito-Regular.ttf */; };
		17E137CD2155F5C700284820 /* Nunito-ExtraLight.ttf in Resources */ = {isa = PBXBuildFile; fileRef = 17E137BF2155F5C200284820 /* Nunito-ExtraLight.ttf */; };
		17E137CE2155F5C700284820 /* Nunito-LightItalic.ttf in Resources */ = {isa = PBXBuildFile; fileRef = 17E137C02155F5C300284820 /* Nunito-LightItalic.ttf */; };
		17E137CF2155F5C700284820 /* Nunito-Italic.ttf in Resources */ = {isa = PBXBuildFile; fileRef = 17E137C12155F5C400284820 /* Nunito-Italic.ttf */; };
		17E137D02155F5C700284820 /* Nunito-ExtraBoldItalic.ttf in Resources */ = {isa = PBXBuildFile; fileRef = 17E137C22155F5C500284820 /* Nunito-ExtraBoldItalic.ttf */; };
		17E137E32155F78600284820 /* Raleway-SemiBold.ttf in Resources */ = {isa = PBXBuildFile; fileRef = 17E137D12155F76F00284820 /* Raleway-SemiBold.ttf */; };
		17E137E42155F78600284820 /* Raleway-ExtraBold.ttf in Resources */ = {isa = PBXBuildFile; fileRef = 17E137D22155F77000284820 /* Raleway-ExtraBold.ttf */; };
		17E137E52155F78600284820 /* Raleway-Medium.ttf in Resources */ = {isa = PBXBuildFile; fileRef = 17E137D32155F77100284820 /* Raleway-Medium.ttf */; };
		17E137E62155F78600284820 /* Raleway-ExtraLight.ttf in Resources */ = {isa = PBXBuildFile; fileRef = 17E137D42155F77200284820 /* Raleway-ExtraLight.ttf */; };
		17E137E72155F78600284820 /* Raleway-Thin.ttf in Resources */ = {isa = PBXBuildFile; fileRef = 17E137D52155F77300284820 /* Raleway-Thin.ttf */; };
		17E137E82155F78600284820 /* Raleway-LightItalic.ttf in Resources */ = {isa = PBXBuildFile; fileRef = 17E137D62155F77500284820 /* Raleway-LightItalic.ttf */; };
		17E137E92155F78600284820 /* Raleway-BlackItalic.ttf in Resources */ = {isa = PBXBuildFile; fileRef = 17E137D72155F77600284820 /* Raleway-BlackItalic.ttf */; };
		17E137EA2155F78600284820 /* Raleway-Bold.ttf in Resources */ = {isa = PBXBuildFile; fileRef = 17E137D82155F77800284820 /* Raleway-Bold.ttf */; };
		17E137EB2155F78600284820 /* Raleway-BoldItalic.ttf in Resources */ = {isa = PBXBuildFile; fileRef = 17E137D92155F77900284820 /* Raleway-BoldItalic.ttf */; };
		17E137EC2155F78600284820 /* Raleway-ExtraLightItalic.ttf in Resources */ = {isa = PBXBuildFile; fileRef = 17E137DA2155F77B00284820 /* Raleway-ExtraLightItalic.ttf */; };
		17E137ED2155F78600284820 /* Raleway-Light.ttf in Resources */ = {isa = PBXBuildFile; fileRef = 17E137DB2155F77C00284820 /* Raleway-Light.ttf */; };
		17E137EE2155F78600284820 /* Raleway-MediumItalic.ttf in Resources */ = {isa = PBXBuildFile; fileRef = 17E137DC2155F77D00284820 /* Raleway-MediumItalic.ttf */; };
		17E137EF2155F78600284820 /* Raleway-SemiBoldItalic.ttf in Resources */ = {isa = PBXBuildFile; fileRef = 17E137DD2155F77F00284820 /* Raleway-SemiBoldItalic.ttf */; };
		17E137F02155F78600284820 /* Raleway-ThinItalic.ttf in Resources */ = {isa = PBXBuildFile; fileRef = 17E137DE2155F78000284820 /* Raleway-ThinItalic.ttf */; };
		17E137F12155F78600284820 /* Raleway-Regular.ttf in Resources */ = {isa = PBXBuildFile; fileRef = 17E137DF2155F78100284820 /* Raleway-Regular.ttf */; };
		17E137F22155F78600284820 /* Raleway-Italic.ttf in Resources */ = {isa = PBXBuildFile; fileRef = 17E137E02155F78200284820 /* Raleway-Italic.ttf */; };
		17E137F32155F78600284820 /* Raleway-Black.ttf in Resources */ = {isa = PBXBuildFile; fileRef = 17E137E12155F78400284820 /* Raleway-Black.ttf */; };
		17E137F42155F78600284820 /* Raleway-ExtraBoldItalic.ttf in Resources */ = {isa = PBXBuildFile; fileRef = 17E137E22155F78500284820 /* Raleway-ExtraBoldItalic.ttf */; };
		17E508A72131FD6300816317 /* GoogleService-Info.plist in Resources */ = {isa = PBXBuildFile; fileRef = 17E508A62131FD6300816317 /* GoogleService-Info.plist */; };
		17E74555211E1AB50024B005 /* Extensions.swift in Sources */ = {isa = PBXBuildFile; fileRef = 17E74554211E1AB50024B005 /* Extensions.swift */; };
		17F0B12B215AFDA70055E4F8 /* LocationController.swift in Sources */ = {isa = PBXBuildFile; fileRef = 17F0B12A215AFDA70055E4F8 /* LocationController.swift */; };
		756ACB9AD04E7E0240F6168A /* Pods_BeachBum.framework in Frameworks */ = {isa = PBXBuildFile; fileRef = E17C175CC179D0BE7914DF4B /* Pods_BeachBum.framework */; };
/* End PBXBuildFile section */

/* Begin PBXFileReference section */
		171043CF213F13630004930A /* BeachForecastTableViewCell.swift */ = {isa = PBXFileReference; lastKnownFileType = sourcecode.swift; path = BeachForecastTableViewCell.swift; sourceTree = "<group>"; };
		171043D7213F6FE60004930A /* MockData.swift */ = {isa = PBXFileReference; lastKnownFileType = sourcecode.swift; path = MockData.swift; sourceTree = "<group>"; };
		17301903215382940090D27D /* ForecastsViewController.swift */ = {isa = PBXFileReference; lastKnownFileType = sourcecode.swift; path = ForecastsViewController.swift; sourceTree = "<group>"; };
		1731E6E1211D6FA000D7E432 /* BeachBum.app */ = {isa = PBXFileReference; explicitFileType = wrapper.application; includeInIndex = 0; path = BeachBum.app; sourceTree = BUILT_PRODUCTS_DIR; };
		1731E6E4211D6FA000D7E432 /* AppDelegate.swift */ = {isa = PBXFileReference; lastKnownFileType = sourcecode.swift; path = AppDelegate.swift; sourceTree = "<group>"; };
		1731E6E9211D6FA000D7E432 /* Base */ = {isa = PBXFileReference; lastKnownFileType = file.storyboard; name = Base; path = Base.lproj/Main.storyboard; sourceTree = "<group>"; };
		1731E6EB211D6FA200D7E432 /* Assets.xcassets */ = {isa = PBXFileReference; lastKnownFileType = folder.assetcatalog; path = Assets.xcassets; sourceTree = "<group>"; };
		1731E6EE211D6FA200D7E432 /* Base */ = {isa = PBXFileReference; lastKnownFileType = file.storyboard; name = Base; path = Base.lproj/LaunchScreen.storyboard; sourceTree = "<group>"; };
		1731E6F0211D6FA200D7E432 /* Info.plist */ = {isa = PBXFileReference; lastKnownFileType = text.plist.xml; path = Info.plist; sourceTree = "<group>"; };
		1731E6F7211D712100D7E432 /* BeachForecastController.swift */ = {isa = PBXFileReference; fileEncoding = 4; lastKnownFileType = sourcecode.swift; path = BeachForecastController.swift; sourceTree = "<group>"; };
		1731E6F9211D712100D7E432 /* Beach.swift */ = {isa = PBXFileReference; fileEncoding = 4; lastKnownFileType = sourcecode.swift; path = Beach.swift; sourceTree = "<group>"; };
		1731E6FA211D712100D7E432 /* NetworkController.swift */ = {isa = PBXFileReference; fileEncoding = 4; lastKnownFileType = sourcecode.swift; path = NetworkController.swift; sourceTree = "<group>"; };
		1731E6FB211D712100D7E432 /* BeachForecast.swift */ = {isa = PBXFileReference; fileEncoding = 4; lastKnownFileType = sourcecode.swift; path = BeachForecast.swift; sourceTree = "<group>"; };
		1731E6FC211D712100D7E432 /* Forecast.swift */ = {isa = PBXFileReference; fileEncoding = 4; lastKnownFileType = sourcecode.swift; path = Forecast.swift; sourceTree = "<group>"; };
		1731E705211D717500D7E432 /* BeachForecastsViewController.swift */ = {isa = PBXFileReference; lastKnownFileType = sourcecode.swift; path = BeachForecastsViewController.swift; sourceTree = "<group>"; };
		17439BBD2141C774001E876A /* DetailedForecastView.swift */ = {isa = PBXFileReference; lastKnownFileType = sourcecode.swift; path = DetailedForecastView.swift; sourceTree = "<group>"; };
		17439BDD214267AA001E876A /* HourlyForecastViewController.swift */ = {isa = PBXFileReference; lastKnownFileType = sourcecode.swift; path = HourlyForecastViewController.swift; sourceTree = "<group>"; };
		17439BE121426C73001E876A /* HourlyForecastCollectionViewCell.swift */ = {isa = PBXFileReference; lastKnownFileType = sourcecode.swift; path = HourlyForecastCollectionViewCell.swift; sourceTree = "<group>"; };
		17A45D8F2151C4490054E554 /* FavoriteBeachesViewController.swift */ = {isa = PBXFileReference; lastKnownFileType = sourcecode.swift; path = FavoriteBeachesViewController.swift; sourceTree = "<group>"; };
		17A45D912151C6700054E554 /* StorageController.swift */ = {isa = PBXFileReference; lastKnownFileType = sourcecode.swift; path = StorageController.swift; sourceTree = "<group>"; };
		17C2E5872122B66500FAB47E /* DetailedForecastViewController.swift */ = {isa = PBXFileReference; lastKnownFileType = sourcecode.swift; path = DetailedForecastViewController.swift; sourceTree = "<group>"; };
		17D8FBE821407B2E009F20B1 /* BeachForecastsView.swift */ = {isa = PBXFileReference; lastKnownFileType = sourcecode.swift; path = BeachForecastsView.swift; sourceTree = "<group>"; };
		17E137B52155F5B400284820 /* Nunito-ExtraLightItalic.ttf */ = {isa = PBXFileReference; lastKnownFileType = file; path = "Nunito-ExtraLightItalic.ttf"; sourceTree = "<group>"; };
		17E137B62155F5B600284820 /* Nunito-Bold.ttf */ = {isa = PBXFileReference; lastKnownFileType = file; path = "Nunito-Bold.ttf"; sourceTree = "<group>"; };
		17E137B72155F5B700284820 /* Nunito-ExtraBold.ttf */ = {isa = PBXFileReference; lastKnownFileType = file; path = "Nunito-ExtraBold.ttf"; sourceTree = "<group>"; };
		17E137B82155F5B800284820 /* Nunito-Light.ttf */ = {isa = PBXFileReference; lastKnownFileType = file; path = "Nunito-Light.ttf"; sourceTree = "<group>"; };
		17E137B92155F5BA00284820 /* Nunito-SemiBold.ttf */ = {isa = PBXFileReference; lastKnownFileType = file; path = "Nunito-SemiBold.ttf"; sourceTree = "<group>"; };
		17E137BA2155F5BB00284820 /* Nunito-Black.ttf */ = {isa = PBXFileReference; lastKnownFileType = file; path = "Nunito-Black.ttf"; sourceTree = "<group>"; };
		17E137BB2155F5BC00284820 /* Nunito-BlackItalic.ttf */ = {isa = PBXFileReference; lastKnownFileType = file; path = "Nunito-BlackItalic.ttf"; sourceTree = "<group>"; };
		17E137BC2155F5BD00284820 /* Nunito-SemiBoldItalic.ttf */ = {isa = PBXFileReference; lastKnownFileType = file; path = "Nunito-SemiBoldItalic.ttf"; sourceTree = "<group>"; };
		17E137BD2155F5BF00284820 /* Nunito-BoldItalic.ttf */ = {isa = PBXFileReference; lastKnownFileType = file; path = "Nunito-BoldItalic.ttf"; sourceTree = "<group>"; };
		17E137BE2155F5C000284820 /* Nunito-Regular.ttf */ = {isa = PBXFileReference; lastKnownFileType = file; path = "Nunito-Regular.ttf"; sourceTree = "<group>"; };
		17E137BF2155F5C200284820 /* Nunito-ExtraLight.ttf */ = {isa = PBXFileReference; lastKnownFileType = file; path = "Nunito-ExtraLight.ttf"; sourceTree = "<group>"; };
		17E137C02155F5C300284820 /* Nunito-LightItalic.ttf */ = {isa = PBXFileReference; lastKnownFileType = file; path = "Nunito-LightItalic.ttf"; sourceTree = "<group>"; };
		17E137C12155F5C400284820 /* Nunito-Italic.ttf */ = {isa = PBXFileReference; lastKnownFileType = file; path = "Nunito-Italic.ttf"; sourceTree = "<group>"; };
		17E137C22155F5C500284820 /* Nunito-ExtraBoldItalic.ttf */ = {isa = PBXFileReference; lastKnownFileType = file; path = "Nunito-ExtraBoldItalic.ttf"; sourceTree = "<group>"; };
		17E137D12155F76F00284820 /* Raleway-SemiBold.ttf */ = {isa = PBXFileReference; lastKnownFileType = file; path = "Raleway-SemiBold.ttf"; sourceTree = "<group>"; };
		17E137D22155F77000284820 /* Raleway-ExtraBold.ttf */ = {isa = PBXFileReference; lastKnownFileType = file; path = "Raleway-ExtraBold.ttf"; sourceTree = "<group>"; };
		17E137D32155F77100284820 /* Raleway-Medium.ttf */ = {isa = PBXFileReference; lastKnownFileType = file; path = "Raleway-Medium.ttf"; sourceTree = "<group>"; };
		17E137D42155F77200284820 /* Raleway-ExtraLight.ttf */ = {isa = PBXFileReference; lastKnownFileType = file; path = "Raleway-ExtraLight.ttf"; sourceTree = "<group>"; };
		17E137D52155F77300284820 /* Raleway-Thin.ttf */ = {isa = PBXFileReference; lastKnownFileType = file; path = "Raleway-Thin.ttf"; sourceTree = "<group>"; };
		17E137D62155F77500284820 /* Raleway-LightItalic.ttf */ = {isa = PBXFileReference; lastKnownFileType = file; path = "Raleway-LightItalic.ttf"; sourceTree = "<group>"; };
		17E137D72155F77600284820 /* Raleway-BlackItalic.ttf */ = {isa = PBXFileReference; lastKnownFileType = file; path = "Raleway-BlackItalic.ttf"; sourceTree = "<group>"; };
		17E137D82155F77800284820 /* Raleway-Bold.ttf */ = {isa = PBXFileReference; lastKnownFileType = file; path = "Raleway-Bold.ttf"; sourceTree = "<group>"; };
		17E137D92155F77900284820 /* Raleway-BoldItalic.ttf */ = {isa = PBXFileReference; lastKnownFileType = file; path = "Raleway-BoldItalic.ttf"; sourceTree = "<group>"; };
		17E137DA2155F77B00284820 /* Raleway-ExtraLightItalic.ttf */ = {isa = PBXFileReference; lastKnownFileType = file; path = "Raleway-ExtraLightItalic.ttf"; sourceTree = "<group>"; };
		17E137DB2155F77C00284820 /* Raleway-Light.ttf */ = {isa = PBXFileReference; lastKnownFileType = file; path = "Raleway-Light.ttf"; sourceTree = "<group>"; };
		17E137DC2155F77D00284820 /* Raleway-MediumItalic.ttf */ = {isa = PBXFileReference; lastKnownFileType = file; path = "Raleway-MediumItalic.ttf"; sourceTree = "<group>"; };
		17E137DD2155F77F00284820 /* Raleway-SemiBoldItalic.ttf */ = {isa = PBXFileReference; lastKnownFileType = file; path = "Raleway-SemiBoldItalic.ttf"; sourceTree = "<group>"; };
		17E137DE2155F78000284820 /* Raleway-ThinItalic.ttf */ = {isa = PBXFileReference; lastKnownFileType = file; path = "Raleway-ThinItalic.ttf"; sourceTree = "<group>"; };
		17E137DF2155F78100284820 /* Raleway-Regular.ttf */ = {isa = PBXFileReference; lastKnownFileType = file; path = "Raleway-Regular.ttf"; sourceTree = "<group>"; };
		17E137E02155F78200284820 /* Raleway-Italic.ttf */ = {isa = PBXFileReference; lastKnownFileType = file; path = "Raleway-Italic.ttf"; sourceTree = "<group>"; };
		17E137E12155F78400284820 /* Raleway-Black.ttf */ = {isa = PBXFileReference; lastKnownFileType = file; path = "Raleway-Black.ttf"; sourceTree = "<group>"; };
		17E137E22155F78500284820 /* Raleway-ExtraBoldItalic.ttf */ = {isa = PBXFileReference; lastKnownFileType = file; path = "Raleway-ExtraBoldItalic.ttf"; sourceTree = "<group>"; };
		17E508A62131FD6300816317 /* GoogleService-Info.plist */ = {isa = PBXFileReference; fileEncoding = 4; lastKnownFileType = text.plist.xml; path = "GoogleService-Info.plist"; sourceTree = "<group>"; };
		17E74554211E1AB50024B005 /* Extensions.swift */ = {isa = PBXFileReference; lastKnownFileType = sourcecode.swift; path = Extensions.swift; sourceTree = "<group>"; };
		17F0B12A215AFDA70055E4F8 /* LocationController.swift */ = {isa = PBXFileReference; lastKnownFileType = sourcecode.swift; path = LocationController.swift; sourceTree = "<group>"; };
		E012DD8D880FA3F72F7D17C7 /* Pods-BeachBum.debug.xcconfig */ = {isa = PBXFileReference; includeInIndex = 1; lastKnownFileType = text.xcconfig; name = "Pods-BeachBum.debug.xcconfig"; path = "Pods/Target Support Files/Pods-BeachBum/Pods-BeachBum.debug.xcconfig"; sourceTree = "<group>"; };
		E17C175CC179D0BE7914DF4B /* Pods_BeachBum.framework */ = {isa = PBXFileReference; explicitFileType = wrapper.framework; includeInIndex = 0; path = Pods_BeachBum.framework; sourceTree = BUILT_PRODUCTS_DIR; };
		FD59EC302CFF27A3DE139286 /* Pods-BeachBum.release.xcconfig */ = {isa = PBXFileReference; includeInIndex = 1; lastKnownFileType = text.xcconfig; name = "Pods-BeachBum.release.xcconfig"; path = "Pods/Target Support Files/Pods-BeachBum/Pods-BeachBum.release.xcconfig"; sourceTree = "<group>"; };
/* End PBXFileReference section */

/* Begin PBXFrameworksBuildPhase section */
		1731E6DE211D6FA000D7E432 /* Frameworks */ = {
			isa = PBXFrameworksBuildPhase;
			buildActionMask = 2147483647;
			files = (
				756ACB9AD04E7E0240F6168A /* Pods_BeachBum.framework in Frameworks */,
			);
			runOnlyForDeploymentPostprocessing = 0;
		};
/* End PBXFrameworksBuildPhase section */

/* Begin PBXGroup section */
		171CD549213B3BBF00E264ED /* Controller */ = {
			isa = PBXGroup;
			children = (
				171CD54C213B3BF900E264ED /* VIew Controller */,
				171CD54D213B3C0F00E264ED /* Model Controller */,
			);
			path = Controller;
			sourceTree = "<group>";
		};
		171CD54A213B3BCF00E264ED /* Model */ = {
			isa = PBXGroup;
			children = (
				1731E6FB211D712100D7E432 /* BeachForecast.swift */,
				1731E6FC211D712100D7E432 /* Forecast.swift */,
				1731E6F9211D712100D7E432 /* Beach.swift */,
				171043D7213F6FE60004930A /* MockData.swift */,
			);
			path = Model;
			sourceTree = "<group>";
		};
		171CD54B213B3BE500E264ED /* View */ = {
			isa = PBXGroup;
			children = (
				1731E6E8211D6FA000D7E432 /* Main.storyboard */,
				17D8FBE821407B2E009F20B1 /* BeachForecastsView.swift */,
				17439BBD2141C774001E876A /* DetailedForecastView.swift */,
				171043CF213F13630004930A /* BeachForecastTableViewCell.swift */,
				17439BE121426C73001E876A /* HourlyForecastCollectionViewCell.swift */,
			);
			path = View;
			sourceTree = "<group>";
		};
		171CD54C213B3BF900E264ED /* VIew Controller */ = {
			isa = PBXGroup;
			children = (
				17301903215382940090D27D /* ForecastsViewController.swift */,
				1731E705211D717500D7E432 /* BeachForecastsViewController.swift */,
				17A45D8F2151C4490054E554 /* FavoriteBeachesViewController.swift */,
				17C2E5872122B66500FAB47E /* DetailedForecastViewController.swift */,
				17439BDD214267AA001E876A /* HourlyForecastViewController.swift */,
			);
			path = "VIew Controller";
			sourceTree = "<group>";
		};
		171CD54D213B3C0F00E264ED /* Model Controller */ = {
			isa = PBXGroup;
			children = (
				1731E6F7211D712100D7E432 /* BeachForecastController.swift */,
				1731E6FA211D712100D7E432 /* NetworkController.swift */,
				17A45D912151C6700054E554 /* StorageController.swift */,
				17F0B12A215AFDA70055E4F8 /* LocationController.swift */,
			);
			path = "Model Controller";
			sourceTree = "<group>";
		};
		1731E6D8211D6FA000D7E432 = {
			isa = PBXGroup;
			children = (
				1731E6E3211D6FA000D7E432 /* BeachBum */,
				1731E6E2211D6FA000D7E432 /* Products */,
				9DD9A4F6AA69857E54681462 /* Pods */,
				8A5CC2700D9424E800E829C8 /* Frameworks */,
			);
			sourceTree = "<group>";
		};
		1731E6E2211D6FA000D7E432 /* Products */ = {
			isa = PBXGroup;
			children = (
				1731E6E1211D6FA000D7E432 /* BeachBum.app */,
			);
			name = Products;
			sourceTree = "<group>";
		};
		1731E6E3211D6FA000D7E432 /* BeachBum */ = {
			isa = PBXGroup;
			children = (
				17E137B42155F57E00284820 /* Fonts */,
				1731E6F6211D6FEF00D7E432 /* Supporting Files */,
				171CD54B213B3BE500E264ED /* View */,
				171CD549213B3BBF00E264ED /* Controller */,
				171CD54A213B3BCF00E264ED /* Model */,
				1731E6F0211D6FA200D7E432 /* Info.plist */,
				17E508A62131FD6300816317 /* GoogleService-Info.plist */,
			);
			path = BeachBum;
			sourceTree = "<group>";
		};
		1731E6F6211D6FEF00D7E432 /* Supporting Files */ = {
			isa = PBXGroup;
			children = (
				17E74554211E1AB50024B005 /* Extensions.swift */,
				1731E6E4211D6FA000D7E432 /* AppDelegate.swift */,
				1731E6EB211D6FA200D7E432 /* Assets.xcassets */,
				1731E6ED211D6FA200D7E432 /* LaunchScreen.storyboard */,
			);
			path = "Supporting Files";
			sourceTree = "<group>";
		};
		17E137B42155F57E00284820 /* Fonts */ = {
			isa = PBXGroup;
			children = (
				17E137E12155F78400284820 /* Raleway-Black.ttf */,
				17E137D72155F77600284820 /* Raleway-BlackItalic.ttf */,
				17E137D82155F77800284820 /* Raleway-Bold.ttf */,
				17E137D92155F77900284820 /* Raleway-BoldItalic.ttf */,
				17E137D22155F77000284820 /* Raleway-ExtraBold.ttf */,
				17E137E22155F78500284820 /* Raleway-ExtraBoldItalic.ttf */,
				17E137D42155F77200284820 /* Raleway-ExtraLight.ttf */,
				17E137DA2155F77B00284820 /* Raleway-ExtraLightItalic.ttf */,
				17E137E02155F78200284820 /* Raleway-Italic.ttf */,
				17E137DB2155F77C00284820 /* Raleway-Light.ttf */,
				17E137D62155F77500284820 /* Raleway-LightItalic.ttf */,
				17E137D32155F77100284820 /* Raleway-Medium.ttf */,
				17E137DC2155F77D00284820 /* Raleway-MediumItalic.ttf */,
				17E137DF2155F78100284820 /* Raleway-Regular.ttf */,
				17E137D12155F76F00284820 /* Raleway-SemiBold.ttf */,
				17E137DD2155F77F00284820 /* Raleway-SemiBoldItalic.ttf */,
				17E137D52155F77300284820 /* Raleway-Thin.ttf */,
				17E137DE2155F78000284820 /* Raleway-ThinItalic.ttf */,
				17E137BA2155F5BB00284820 /* Nunito-Black.ttf */,
				17E137BB2155F5BC00284820 /* Nunito-BlackItalic.ttf */,
				17E137B62155F5B600284820 /* Nunito-Bold.ttf */,
				17E137BD2155F5BF00284820 /* Nunito-BoldItalic.ttf */,
				17E137B72155F5B700284820 /* Nunito-ExtraBold.ttf */,
				17E137C22155F5C500284820 /* Nunito-ExtraBoldItalic.ttf */,
				17E137BF2155F5C200284820 /* Nunito-ExtraLight.ttf */,
				17E137B52155F5B400284820 /* Nunito-ExtraLightItalic.ttf */,
				17E137C12155F5C400284820 /* Nunito-Italic.ttf */,
				17E137B82155F5B800284820 /* Nunito-Light.ttf */,
				17E137C02155F5C300284820 /* Nunito-LightItalic.ttf */,
				17E137BE2155F5C000284820 /* Nunito-Regular.ttf */,
				17E137B92155F5BA00284820 /* Nunito-SemiBold.ttf */,
				17E137BC2155F5BD00284820 /* Nunito-SemiBoldItalic.ttf */,
			);
			path = Fonts;
			sourceTree = "<group>";
		};
		8A5CC2700D9424E800E829C8 /* Frameworks */ = {
			isa = PBXGroup;
			children = (
				E17C175CC179D0BE7914DF4B /* Pods_BeachBum.framework */,
			);
			name = Frameworks;
			sourceTree = "<group>";
		};
		9DD9A4F6AA69857E54681462 /* Pods */ = {
			isa = PBXGroup;
			children = (
				E012DD8D880FA3F72F7D17C7 /* Pods-BeachBum.debug.xcconfig */,
				FD59EC302CFF27A3DE139286 /* Pods-BeachBum.release.xcconfig */,
			);
			name = Pods;
			sourceTree = "<group>";
		};
/* End PBXGroup section */

/* Begin PBXNativeTarget section */
		1731E6E0211D6FA000D7E432 /* BeachBum */ = {
			isa = PBXNativeTarget;
			buildConfigurationList = 1731E6F3211D6FA200D7E432 /* Build configuration list for PBXNativeTarget "BeachBum" */;
			buildPhases = (
				B2F976A100C5010E4243BDE7 /* [CP] Check Pods Manifest.lock */,
				1731E6DD211D6FA000D7E432 /* Sources */,
				1731E6DE211D6FA000D7E432 /* Frameworks */,
				1731E6DF211D6FA000D7E432 /* Resources */,
				2D50235667F1CA848E32A023 /* [CP] Embed Pods Frameworks */,
			);
			buildRules = (
			);
			dependencies = (
			);
			name = BeachBum;
			productName = BeachBum;
			productReference = 1731E6E1211D6FA000D7E432 /* BeachBum.app */;
			productType = "com.apple.product-type.application";
		};
/* End PBXNativeTarget section */

/* Begin PBXProject section */
		1731E6D9211D6FA000D7E432 /* Project object */ = {
			isa = PBXProject;
			attributes = {
				LastSwiftUpdateCheck = 0940;
				LastUpgradeCheck = 0940;
				ORGANIZATIONNAME = "Jordan Dumlao";
				TargetAttributes = {
					1731E6E0211D6FA000D7E432 = {
						CreatedOnToolsVersion = 9.4.1;
					};
				};
			};
			buildConfigurationList = 1731E6DC211D6FA000D7E432 /* Build configuration list for PBXProject "BeachBum" */;
			compatibilityVersion = "Xcode 9.3";
			developmentRegion = en;
			hasScannedForEncodings = 0;
			knownRegions = (
				en,
				Base,
			);
			mainGroup = 1731E6D8211D6FA000D7E432;
			productRefGroup = 1731E6E2211D6FA000D7E432 /* Products */;
			projectDirPath = "";
			projectRoot = "";
			targets = (
				1731E6E0211D6FA000D7E432 /* BeachBum */,
			);
		};
/* End PBXProject section */

/* Begin PBXResourcesBuildPhase section */
		1731E6DF211D6FA000D7E432 /* Resources */ = {
			isa = PBXResourcesBuildPhase;
			buildActionMask = 2147483647;
			files = (
				17E137E32155F78600284820 /* Raleway-SemiBold.ttf in Resources */,
				17E137EA2155F78600284820 /* Raleway-Bold.ttf in Resources */,
				17E137CA2155F5C700284820 /* Nunito-SemiBoldItalic.ttf in Resources */,
				17E137ED2155F78600284820 /* Raleway-Light.ttf in Resources */,
				1731E6EF211D6FA200D7E432 /* LaunchScreen.storyboard in Resources */,
				17E137E92155F78600284820 /* Raleway-BlackItalic.ttf in Resources */,
				17E137E72155F78600284820 /* Raleway-Thin.ttf in Resources */,
				17E137EB2155F78600284820 /* Raleway-BoldItalic.ttf in Resources */,
				17E137F42155F78600284820 /* Raleway-ExtraBoldItalic.ttf in Resources */,
				17E137C82155F5C700284820 /* Nunito-Black.ttf in Resources */,
				17E137C32155F5C700284820 /* Nunito-ExtraLightItalic.ttf in Resources */,
				17E137CC2155F5C700284820 /* Nunito-Regular.ttf in Resources */,
				17E508A72131FD6300816317 /* GoogleService-Info.plist in Resources */,
				17E137E52155F78600284820 /* Raleway-Medium.ttf in Resources */,
				17E137EC2155F78600284820 /* Raleway-ExtraLightItalic.ttf in Resources */,
				17E137E62155F78600284820 /* Raleway-ExtraLight.ttf in Resources */,
				17E137C72155F5C700284820 /* Nunito-SemiBold.ttf in Resources */,
				17E137E82155F78600284820 /* Raleway-LightItalic.ttf in Resources */,
				1731E6EC211D6FA200D7E432 /* Assets.xcassets in Resources */,
				17E137C92155F5C700284820 /* Nunito-BlackItalic.ttf in Resources */,
				17E137CD2155F5C700284820 /* Nunito-ExtraLight.ttf in Resources */,
				17E137CE2155F5C700284820 /* Nunito-LightItalic.ttf in Resources */,
				17E137C42155F5C700284820 /* Nunito-Bold.ttf in Resources */,
				17E137F22155F78600284820 /* Raleway-Italic.ttf in Resources */,
				1731E6EA211D6FA000D7E432 /* Main.storyboard in Resources */,
				17E137C62155F5C700284820 /* Nunito-Light.ttf in Resources */,
				17E137C52155F5C700284820 /* Nunito-ExtraBold.ttf in Resources */,
				17E137EF2155F78600284820 /* Raleway-SemiBoldItalic.ttf in Resources */,
				17E137E42155F78600284820 /* Raleway-ExtraBold.ttf in Resources */,
				17E137CB2155F5C700284820 /* Nunito-BoldItalic.ttf in Resources */,
				17E137EE2155F78600284820 /* Raleway-MediumItalic.ttf in Resources */,
				17E137F02155F78600284820 /* Raleway-ThinItalic.ttf in Resources */,
				17E137CF2155F5C700284820 /* Nunito-Italic.ttf in Resources */,
				17E137F12155F78600284820 /* Raleway-Regular.ttf in Resources */,
				17E137D02155F5C700284820 /* Nunito-ExtraBoldItalic.ttf in Resources */,
				17E137F32155F78600284820 /* Raleway-Black.ttf in Resources */,
			);
			runOnlyForDeploymentPostprocessing = 0;
		};
/* End PBXResourcesBuildPhase section */

/* Begin PBXShellScriptBuildPhase section */
		2D50235667F1CA848E32A023 /* [CP] Embed Pods Frameworks */ = {
			isa = PBXShellScriptBuildPhase;
			buildActionMask = 2147483647;
			files = (
			);
			inputPaths = (
				"${SRCROOT}/Pods/Target Support Files/Pods-BeachBum/Pods-BeachBum-frameworks.sh",
				"${BUILT_PRODUCTS_DIR}/ChameleonFramework/ChameleonFramework.framework",
				"${BUILT_PRODUCTS_DIR}/GTMSessionFetcher/GTMSessionFetcher.framework",
				"${BUILT_PRODUCTS_DIR}/GoogleUtilities/GoogleUtilities.framework",
				"${BUILT_PRODUCTS_DIR}/SVProgressHUD/SVProgressHUD.framework",
				"${BUILT_PRODUCTS_DIR}/leveldb-library/leveldb.framework",
				"${BUILT_PRODUCTS_DIR}/nanopb/nanopb.framework",
			);
			name = "[CP] Embed Pods Frameworks";
			outputPaths = (
				"${TARGET_BUILD_DIR}/${FRAMEWORKS_FOLDER_PATH}/ChameleonFramework.framework",
				"${TARGET_BUILD_DIR}/${FRAMEWORKS_FOLDER_PATH}/GTMSessionFetcher.framework",
				"${TARGET_BUILD_DIR}/${FRAMEWORKS_FOLDER_PATH}/GoogleUtilities.framework",
				"${TARGET_BUILD_DIR}/${FRAMEWORKS_FOLDER_PATH}/SVProgressHUD.framework",
				"${TARGET_BUILD_DIR}/${FRAMEWORKS_FOLDER_PATH}/leveldb.framework",
				"${TARGET_BUILD_DIR}/${FRAMEWORKS_FOLDER_PATH}/nanopb.framework",
			);
			runOnlyForDeploymentPostprocessing = 0;
			shellPath = /bin/sh;
			shellScript = "\"${SRCROOT}/Pods/Target Support Files/Pods-BeachBum/Pods-BeachBum-frameworks.sh\"\n";
			showEnvVarsInLog = 0;
		};
		B2F976A100C5010E4243BDE7 /* [CP] Check Pods Manifest.lock */ = {
			isa = PBXShellScriptBuildPhase;
			buildActionMask = 2147483647;
			files = (
			);
			inputPaths = (
				"${PODS_PODFILE_DIR_PATH}/Podfile.lock",
				"${PODS_ROOT}/Manifest.lock",
			);
			name = "[CP] Check Pods Manifest.lock";
			outputPaths = (
				"$(DERIVED_FILE_DIR)/Pods-BeachBum-checkManifestLockResult.txt",
			);
			runOnlyForDeploymentPostprocessing = 0;
			shellPath = /bin/sh;
			shellScript = "diff \"${PODS_PODFILE_DIR_PATH}/Podfile.lock\" \"${PODS_ROOT}/Manifest.lock\" > /dev/null\nif [ $? != 0 ] ; then\n    # print error to STDERR\n    echo \"error: The sandbox is not in sync with the Podfile.lock. Run 'pod install' or update your CocoaPods installation.\" >&2\n    exit 1\nfi\n# This output is used by Xcode 'outputs' to avoid re-running this script phase.\necho \"SUCCESS\" > \"${SCRIPT_OUTPUT_FILE_0}\"\n";
			showEnvVarsInLog = 0;
		};
/* End PBXShellScriptBuildPhase section */

/* Begin PBXSourcesBuildPhase section */
		1731E6DD211D6FA000D7E432 /* Sources */ = {
			isa = PBXSourcesBuildPhase;
			buildActionMask = 2147483647;
			files = (
				1731E701211D712100D7E432 /* NetworkController.swift in Sources */,
				171043D1213F13630004930A /* BeachForecastTableViewCell.swift in Sources */,
				1731E6FE211D712100D7E432 /* BeachForecastController.swift in Sources */,
				17F0B12B215AFDA70055E4F8 /* LocationController.swift in Sources */,
				171043D8213F6FE60004930A /* MockData.swift in Sources */,
				17439BE221426C73001E876A /* HourlyForecastCollectionViewCell.swift in Sources */,
				17439BBE2141C774001E876A /* DetailedForecastView.swift in Sources */,
				1731E703211D712100D7E432 /* Forecast.swift in Sources */,
				17D8FBE921407B2E009F20B1 /* BeachForecastsView.swift in Sources */,
				17A45D922151C6700054E554 /* StorageController.swift in Sources */,
				17A45D902151C4490054E554 /* FavoriteBeachesViewController.swift in Sources */,
				1731E706211D717500D7E432 /* BeachForecastsViewController.swift in Sources */,
				17C2E5882122B66500FAB47E /* DetailedForecastViewController.swift in Sources */,
				1731E700211D712100D7E432 /* Beach.swift in Sources */,
				17E74555211E1AB50024B005 /* Extensions.swift in Sources */,
				1731E702211D712100D7E432 /* BeachForecast.swift in Sources */,
				17439BDE214267AA001E876A /* HourlyForecastViewController.swift in Sources */,
				1731E6E5211D6FA000D7E432 /* AppDelegate.swift in Sources */,
				17301904215382940090D27D /* ForecastsViewController.swift in Sources */,
			);
			runOnlyForDeploymentPostprocessing = 0;
		};
/* End PBXSourcesBuildPhase section */

/* Begin PBXVariantGroup section */
		1731E6E8211D6FA000D7E432 /* Main.storyboard */ = {
			isa = PBXVariantGroup;
			children = (
				1731E6E9211D6FA000D7E432 /* Base */,
			);
			name = Main.storyboard;
			sourceTree = "<group>";
		};
		1731E6ED211D6FA200D7E432 /* LaunchScreen.storyboard */ = {
			isa = PBXVariantGroup;
			children = (
				1731E6EE211D6FA200D7E432 /* Base */,
			);
			name = LaunchScreen.storyboard;
			sourceTree = "<group>";
		};
/* End PBXVariantGroup section */

/* Begin XCBuildConfiguration section */
		1731E6F1211D6FA200D7E432 /* Debug */ = {
			isa = XCBuildConfiguration;
			buildSettings = {
				ALWAYS_SEARCH_USER_PATHS = NO;
				CLANG_ANALYZER_NONNULL = YES;
				CLANG_ANALYZER_NUMBER_OBJECT_CONVERSION = YES_AGGRESSIVE;
				CLANG_CXX_LANGUAGE_STANDARD = "gnu++14";
				CLANG_CXX_LIBRARY = "libc++";
				CLANG_ENABLE_MODULES = YES;
				CLANG_ENABLE_OBJC_ARC = YES;
				CLANG_ENABLE_OBJC_WEAK = YES;
				CLANG_WARN_BLOCK_CAPTURE_AUTORELEASING = YES;
				CLANG_WARN_BOOL_CONVERSION = YES;
				CLANG_WARN_COMMA = YES;
				CLANG_WARN_CONSTANT_CONVERSION = YES;
				CLANG_WARN_DEPRECATED_OBJC_IMPLEMENTATIONS = YES;
				CLANG_WARN_DIRECT_OBJC_ISA_USAGE = YES_ERROR;
				CLANG_WARN_DOCUMENTATION_COMMENTS = YES;
				CLANG_WARN_EMPTY_BODY = YES;
				CLANG_WARN_ENUM_CONVERSION = YES;
				CLANG_WARN_INFINITE_RECURSION = YES;
				CLANG_WARN_INT_CONVERSION = YES;
				CLANG_WARN_NON_LITERAL_NULL_CONVERSION = YES;
				CLANG_WARN_OBJC_IMPLICIT_RETAIN_SELF = YES;
				CLANG_WARN_OBJC_LITERAL_CONVERSION = YES;
				CLANG_WARN_OBJC_ROOT_CLASS = YES_ERROR;
				CLANG_WARN_RANGE_LOOP_ANALYSIS = YES;
				CLANG_WARN_STRICT_PROTOTYPES = YES;
				CLANG_WARN_SUSPICIOUS_MOVE = YES;
				CLANG_WARN_UNGUARDED_AVAILABILITY = YES_AGGRESSIVE;
				CLANG_WARN_UNREACHABLE_CODE = YES;
				CLANG_WARN__DUPLICATE_METHOD_MATCH = YES;
				CODE_SIGN_IDENTITY = "iPhone Developer";
				COPY_PHASE_STRIP = NO;
				DEBUG_INFORMATION_FORMAT = dwarf;
				ENABLE_STRICT_OBJC_MSGSEND = YES;
				ENABLE_TESTABILITY = YES;
				GCC_C_LANGUAGE_STANDARD = gnu11;
				GCC_DYNAMIC_NO_PIC = NO;
				GCC_NO_COMMON_BLOCKS = YES;
				GCC_OPTIMIZATION_LEVEL = 0;
				GCC_PREPROCESSOR_DEFINITIONS = (
					"DEBUG=1",
					"$(inherited)",
				);
				GCC_WARN_64_TO_32_BIT_CONVERSION = YES;
				GCC_WARN_ABOUT_RETURN_TYPE = YES_ERROR;
				GCC_WARN_UNDECLARED_SELECTOR = YES;
				GCC_WARN_UNINITIALIZED_AUTOS = YES_AGGRESSIVE;
				GCC_WARN_UNUSED_FUNCTION = YES;
				GCC_WARN_UNUSED_VARIABLE = YES;
				IPHONEOS_DEPLOYMENT_TARGET = 11.4;
				MTL_ENABLE_DEBUG_INFO = YES;
				ONLY_ACTIVE_ARCH = YES;
				SDKROOT = iphoneos;
				SWIFT_ACTIVE_COMPILATION_CONDITIONS = DEBUG;
				SWIFT_OPTIMIZATION_LEVEL = "-Onone";
			};
			name = Debug;
		};
		1731E6F2211D6FA200D7E432 /* Release */ = {
			isa = XCBuildConfiguration;
			buildSettings = {
				ALWAYS_SEARCH_USER_PATHS = NO;
				CLANG_ANALYZER_NONNULL = YES;
				CLANG_ANALYZER_NUMBER_OBJECT_CONVERSION = YES_AGGRESSIVE;
				CLANG_CXX_LANGUAGE_STANDARD = "gnu++14";
				CLANG_CXX_LIBRARY = "libc++";
				CLANG_ENABLE_MODULES = YES;
				CLANG_ENABLE_OBJC_ARC = YES;
				CLANG_ENABLE_OBJC_WEAK = YES;
				CLANG_WARN_BLOCK_CAPTURE_AUTORELEASING = YES;
				CLANG_WARN_BOOL_CONVERSION = YES;
				CLANG_WARN_COMMA = YES;
				CLANG_WARN_CONSTANT_CONVERSION = YES;
				CLANG_WARN_DEPRECATED_OBJC_IMPLEMENTATIONS = YES;
				CLANG_WARN_DIRECT_OBJC_ISA_USAGE = YES_ERROR;
				CLANG_WARN_DOCUMENTATION_COMMENTS = YES;
				CLANG_WARN_EMPTY_BODY = YES;
				CLANG_WARN_ENUM_CONVERSION = YES;
				CLANG_WARN_INFINITE_RECURSION = YES;
				CLANG_WARN_INT_CONVERSION = YES;
				CLANG_WARN_NON_LITERAL_NULL_CONVERSION = YES;
				CLANG_WARN_OBJC_IMPLICIT_RETAIN_SELF = YES;
				CLANG_WARN_OBJC_LITERAL_CONVERSION = YES;
				CLANG_WARN_OBJC_ROOT_CLASS = YES_ERROR;
				CLANG_WARN_RANGE_LOOP_ANALYSIS = YES;
				CLANG_WARN_STRICT_PROTOTYPES = YES;
				CLANG_WARN_SUSPICIOUS_MOVE = YES;
				CLANG_WARN_UNGUARDED_AVAILABILITY = YES_AGGRESSIVE;
				CLANG_WARN_UNREACHABLE_CODE = YES;
				CLANG_WARN__DUPLICATE_METHOD_MATCH = YES;
				CODE_SIGN_IDENTITY = "iPhone Developer";
				COPY_PHASE_STRIP = NO;
				DEBUG_INFORMATION_FORMAT = "dwarf-with-dsym";
				ENABLE_NS_ASSERTIONS = NO;
				ENABLE_STRICT_OBJC_MSGSEND = YES;
				GCC_C_LANGUAGE_STANDARD = gnu11;
				GCC_NO_COMMON_BLOCKS = YES;
				GCC_WARN_64_TO_32_BIT_CONVERSION = YES;
				GCC_WARN_ABOUT_RETURN_TYPE = YES_ERROR;
				GCC_WARN_UNDECLARED_SELECTOR = YES;
				GCC_WARN_UNINITIALIZED_AUTOS = YES_AGGRESSIVE;
				GCC_WARN_UNUSED_FUNCTION = YES;
				GCC_WARN_UNUSED_VARIABLE = YES;
				IPHONEOS_DEPLOYMENT_TARGET = 11.4;
				MTL_ENABLE_DEBUG_INFO = NO;
				SDKROOT = iphoneos;
				SWIFT_COMPILATION_MODE = wholemodule;
				SWIFT_OPTIMIZATION_LEVEL = "-O";
				VALIDATE_PRODUCT = YES;
			};
			name = Release;
		};
		1731E6F4211D6FA200D7E432 /* Debug */ = {
			isa = XCBuildConfiguration;
			baseConfigurationReference = E012DD8D880FA3F72F7D17C7 /* Pods-BeachBum.debug.xcconfig */;
			buildSettings = {
				ASSETCATALOG_COMPILER_APPICON_NAME = AppIcon;
				CODE_SIGN_IDENTITY = "iPhone Developer";
				CODE_SIGN_STYLE = Automatic;
				DEVELOPMENT_TEAM = 7DDY4G5VW4;
				INFOPLIST_FILE = BeachBum/Info.plist;
				LD_RUNPATH_SEARCH_PATHS = (
					"$(inherited)",
					"@executable_path/Frameworks",
				);
				PRODUCT_BUNDLE_IDENTIFIER = com.jordandumlao.BeachBum;
				PRODUCT_NAME = "$(TARGET_NAME)";
				PROVISIONING_PROFILE_SPECIFIER = "";
				SWIFT_VERSION = 4.0;
				TARGETED_DEVICE_FAMILY = 1;
			};
			name = Debug;
		};
		1731E6F5211D6FA200D7E432 /* Release */ = {
			isa = XCBuildConfiguration;
			baseConfigurationReference = FD59EC302CFF27A3DE139286 /* Pods-BeachBum.release.xcconfig */;
			buildSettings = {
				ASSETCATALOG_COMPILER_APPICON_NAME = AppIcon;
				CODE_SIGN_IDENTITY = "iPhone Developer";
				CODE_SIGN_STYLE = Automatic;
				DEVELOPMENT_TEAM = 7DDY4G5VW4;
				INFOPLIST_FILE = BeachBum/Info.plist;
				LD_RUNPATH_SEARCH_PATHS = (
					"$(inherited)",
					"@executable_path/Frameworks",
				);
				PRODUCT_BUNDLE_IDENTIFIER = com.jordandumlao.BeachBum;
				PRODUCT_NAME = "$(TARGET_NAME)";
				PROVISIONING_PROFILE_SPECIFIER = "";
				SWIFT_VERSION = 4.0;
				TARGETED_DEVICE_FAMILY = 1;
			};
			name = Release;
		};
/* End XCBuildConfiguration section */

/* Begin XCConfigurationList section */
		1731E6DC211D6FA000D7E432 /* Build configuration list for PBXProject "BeachBum" */ = {
			isa = XCConfigurationList;
			buildConfigurations = (
				1731E6F1211D6FA200D7E432 /* Debug */,
				1731E6F2211D6FA200D7E432 /* Release */,
			);
			defaultConfigurationIsVisible = 0;
			defaultConfigurationName = Release;
		};
		1731E6F3211D6FA200D7E432 /* Build configuration list for PBXNativeTarget "BeachBum" */ = {
			isa = XCConfigurationList;
			buildConfigurations = (
				1731E6F4211D6FA200D7E432 /* Debug */,
				1731E6F5211D6FA200D7E432 /* Release */,
			);
			defaultConfigurationIsVisible = 0;
			defaultConfigurationName = Release;
		};
/* End XCConfigurationList section */
	};
	rootObject = 1731E6D9211D6FA000D7E432 /* Project object */;
}
