// !$*UTF8*$!
{
	archiveVersion = 1;
	classes = {
	};
	objectVersion = 50;
	objects = {

/* Begin PBXBuildFile section */
		171043D1213F13630004930A /* BeachForecastTableViewCell.swift in Sources */ = {isa = PBXBuildFile; fileRef = 171043CF213F13630004930A /* BeachForecastTableViewCell.swift */; };
		171043D2213F13630004930A /* BeachForecastTableViewCell.xib in Resources */ = {isa = PBXBuildFile; fileRef = 171043D0213F13630004930A /* BeachForecastTableViewCell.xib */; };
		171043D6213F6D1E0004930A /* FormattingData.swift in Sources */ = {isa = PBXBuildFile; fileRef = 171043D5213F6D1E0004930A /* FormattingData.swift */; };
		171043D8213F6FE60004930A /* MockData.swift in Sources */ = {isa = PBXBuildFile; fileRef = 171043D7213F6FE60004930A /* MockData.swift */; };
		1731E6E5211D6FA000D7E432 /* AppDelegate.swift in Sources */ = {isa = PBXBuildFile; fileRef = 1731E6E4211D6FA000D7E432 /* AppDelegate.swift */; };
		1731E6EA211D6FA000D7E432 /* Main.storyboard in Resources */ = {isa = PBXBuildFile; fileRef = 1731E6E8211D6FA000D7E432 /* Main.storyboard */; };
		1731E6EC211D6FA200D7E432 /* Assets.xcassets in Resources */ = {isa = PBXBuildFile; fileRef = 1731E6EB211D6FA200D7E432 /* Assets.xcassets */; };
		1731E6EF211D6FA200D7E432 /* LaunchScreen.storyboard in Resources */ = {isa = PBXBuildFile; fileRef = 1731E6ED211D6FA200D7E432 /* LaunchScreen.storyboard */; };
		1731E6FE211D712100D7E432 /* BeachForecastController.swift in Sources */ = {isa = PBXBuildFile; fileRef = 1731E6F7211D712100D7E432 /* BeachForecastController.swift */; };
		1731E6FF211D712100D7E432 /* BeachForecastsDataSource.swift in Sources */ = {isa = PBXBuildFile; fileRef = 1731E6F8211D712100D7E432 /* BeachForecastsDataSource.swift */; };
		1731E700211D712100D7E432 /* Beach.swift in Sources */ = {isa = PBXBuildFile; fileRef = 1731E6F9211D712100D7E432 /* Beach.swift */; };
		1731E701211D712100D7E432 /* NetworkController.swift in Sources */ = {isa = PBXBuildFile; fileRef = 1731E6FA211D712100D7E432 /* NetworkController.swift */; };
		1731E702211D712100D7E432 /* BeachForecast.swift in Sources */ = {isa = PBXBuildFile; fileRef = 1731E6FB211D712100D7E432 /* BeachForecast.swift */; };
		1731E703211D712100D7E432 /* Forecast.swift in Sources */ = {isa = PBXBuildFile; fileRef = 1731E6FC211D712100D7E432 /* Forecast.swift */; };
		1731E706211D717500D7E432 /* BeachForecastsViewController.swift in Sources */ = {isa = PBXBuildFile; fileRef = 1731E705211D717500D7E432 /* BeachForecastsViewController.swift */; };
		17C2E5882122B66500FAB47E /* DetailedForecastViewController.swift in Sources */ = {isa = PBXBuildFile; fileRef = 17C2E5872122B66500FAB47E /* DetailedForecastViewController.swift */; };
		17D8FBE921407B2E009F20B1 /* BeachForecastsView.swift in Sources */ = {isa = PBXBuildFile; fileRef = 17D8FBE821407B2E009F20B1 /* BeachForecastsView.swift */; };
		17E508A72131FD6300816317 /* GoogleService-Info.plist in Resources */ = {isa = PBXBuildFile; fileRef = 17E508A62131FD6300816317 /* GoogleService-Info.plist */; };
		17E74555211E1AB50024B005 /* ThemeColors.swift in Sources */ = {isa = PBXBuildFile; fileRef = 17E74554211E1AB50024B005 /* ThemeColors.swift */; };
		756ACB9AD04E7E0240F6168A /* Pods_BeachBum.framework in Frameworks */ = {isa = PBXBuildFile; fileRef = E17C175CC179D0BE7914DF4B /* Pods_BeachBum.framework */; };
/* End PBXBuildFile section */

/* Begin PBXFileReference section */
		171043CF213F13630004930A /* BeachForecastTableViewCell.swift */ = {isa = PBXFileReference; lastKnownFileType = sourcecode.swift; path = BeachForecastTableViewCell.swift; sourceTree = "<group>"; };
		171043D0213F13630004930A /* BeachForecastTableViewCell.xib */ = {isa = PBXFileReference; lastKnownFileType = file.xib; path = BeachForecastTableViewCell.xib; sourceTree = "<group>"; };
		171043D5213F6D1E0004930A /* FormattingData.swift */ = {isa = PBXFileReference; lastKnownFileType = sourcecode.swift; path = FormattingData.swift; sourceTree = "<group>"; };
		171043D7213F6FE60004930A /* MockData.swift */ = {isa = PBXFileReference; lastKnownFileType = sourcecode.swift; path = MockData.swift; sourceTree = "<group>"; };
		1731E6E1211D6FA000D7E432 /* BeachBum.app */ = {isa = PBXFileReference; explicitFileType = wrapper.application; includeInIndex = 0; path = BeachBum.app; sourceTree = BUILT_PRODUCTS_DIR; };
		1731E6E4211D6FA000D7E432 /* AppDelegate.swift */ = {isa = PBXFileReference; lastKnownFileType = sourcecode.swift; path = AppDelegate.swift; sourceTree = "<group>"; };
		1731E6E9211D6FA000D7E432 /* Base */ = {isa = PBXFileReference; lastKnownFileType = file.storyboard; name = Base; path = Base.lproj/Main.storyboard; sourceTree = "<group>"; };
		1731E6EB211D6FA200D7E432 /* Assets.xcassets */ = {isa = PBXFileReference; lastKnownFileType = folder.assetcatalog; path = Assets.xcassets; sourceTree = "<group>"; };
		1731E6EE211D6FA200D7E432 /* Base */ = {isa = PBXFileReference; lastKnownFileType = file.storyboard; name = Base; path = Base.lproj/LaunchScreen.storyboard; sourceTree = "<group>"; };
		1731E6F0211D6FA200D7E432 /* Info.plist */ = {isa = PBXFileReference; lastKnownFileType = text.plist.xml; path = Info.plist; sourceTree = "<group>"; };
		1731E6F7211D712100D7E432 /* BeachForecastController.swift */ = {isa = PBXFileReference; fileEncoding = 4; lastKnownFileType = sourcecode.swift; path = BeachForecastController.swift; sourceTree = "<group>"; };
		1731E6F8211D712100D7E432 /* BeachForecastsDataSource.swift */ = {isa = PBXFileReference; fileEncoding = 4; lastKnownFileType = sourcecode.swift; path = BeachForecastsDataSource.swift; sourceTree = "<group>"; };
		1731E6F9211D712100D7E432 /* Beach.swift */ = {isa = PBXFileReference; fileEncoding = 4; lastKnownFileType = sourcecode.swift; path = Beach.swift; sourceTree = "<group>"; };
		1731E6FA211D712100D7E432 /* NetworkController.swift */ = {isa = PBXFileReference; fileEncoding = 4; lastKnownFileType = sourcecode.swift; path = NetworkController.swift; sourceTree = "<group>"; };
		1731E6FB211D712100D7E432 /* BeachForecast.swift */ = {isa = PBXFileReference; fileEncoding = 4; lastKnownFileType = sourcecode.swift; path = BeachForecast.swift; sourceTree = "<group>"; };
		1731E6FC211D712100D7E432 /* Forecast.swift */ = {isa = PBXFileReference; fileEncoding = 4; lastKnownFileType = sourcecode.swift; path = Forecast.swift; sourceTree = "<group>"; };
		1731E705211D717500D7E432 /* BeachForecastsViewController.swift */ = {isa = PBXFileReference; lastKnownFileType = sourcecode.swift; path = BeachForecastsViewController.swift; sourceTree = "<group>"; };
		17C2E5872122B66500FAB47E /* DetailedForecastViewController.swift */ = {isa = PBXFileReference; lastKnownFileType = sourcecode.swift; path = DetailedForecastViewController.swift; sourceTree = "<group>"; };
		17D8FBE821407B2E009F20B1 /* BeachForecastsView.swift */ = {isa = PBXFileReference; lastKnownFileType = sourcecode.swift; path = BeachForecastsView.swift; sourceTree = "<group>"; };
		17E508A62131FD6300816317 /* GoogleService-Info.plist */ = {isa = PBXFileReference; fileEncoding = 4; lastKnownFileType = text.plist.xml; path = "GoogleService-Info.plist"; sourceTree = "<group>"; };
		17E74554211E1AB50024B005 /* ThemeColors.swift */ = {isa = PBXFileReference; lastKnownFileType = sourcecode.swift; path = ThemeColors.swift; sourceTree = "<group>"; };
		E012DD8D880FA3F72F7D17C7 /* Pods-BeachBum.debug.xcconfig */ = {isa = PBXFileReference; includeInIndex = 1; lastKnownFileType = text.xcconfig; name = "Pods-BeachBum.debug.xcconfig"; path = "Pods/Target Support Files/Pods-BeachBum/Pods-BeachBum.debug.xcconfig"; sourceTree = "<group>"; };
		E17C175CC179D0BE7914DF4B /* Pods_BeachBum.framework */ = {isa = PBXFileReference; explicitFileType = wrapper.framework; includeInIndex = 0; path = Pods_BeachBum.framework; sourceTree = BUILT_PRODUCTS_DIR; };
		FD59EC302CFF27A3DE139286 /* Pods-BeachBum.release.xcconfig */ = {isa = PBXFileReference; includeInIndex = 1; lastKnownFileType = text.xcconfig; name = "Pods-BeachBum.release.xcconfig"; path = "Pods/Target Support Files/Pods-BeachBum/Pods-BeachBum.release.xcconfig"; sourceTree = "<group>"; };
/* End PBXFileReference section */

/* Begin PBXFrameworksBuildPhase section */
		1731E6DE211D6FA000D7E432 /* Frameworks */ = {
			isa = PBXFrameworksBuildPhase;
			buildActionMask = 2147483647;
			files = (
				756ACB9AD04E7E0240F6168A /* Pods_BeachBum.framework in Frameworks */,
			);
			runOnlyForDeploymentPostprocessing = 0;
		};
/* End PBXFrameworksBuildPhase section */

/* Begin PBXGroup section */
		171CD549213B3BBF00E264ED /* Controller */ = {
			isa = PBXGroup;
			children = (
				171CD54C213B3BF900E264ED /* VIew Controller */,
				171CD54D213B3C0F00E264ED /* Model Controller */,
			);
			path = Controller;
			sourceTree = "<group>";
		};
		171CD54A213B3BCF00E264ED /* Model */ = {
			isa = PBXGroup;
			children = (
				1731E6FB211D712100D7E432 /* BeachForecast.swift */,
				1731E6FC211D712100D7E432 /* Forecast.swift */,
				1731E6F9211D712100D7E432 /* Beach.swift */,
				171043D7213F6FE60004930A /* MockData.swift */,
			);
			path = Model;
			sourceTree = "<group>";
		};
		171CD54B213B3BE500E264ED /* View */ = {
			isa = PBXGroup;
			children = (
				1731E6E8211D6FA000D7E432 /* Main.storyboard */,
				171043CF213F13630004930A /* BeachForecastTableViewCell.swift */,
				171043D0213F13630004930A /* BeachForecastTableViewCell.xib */,
				17D8FBE821407B2E009F20B1 /* BeachForecastsView.swift */,
			);
			path = View;
			sourceTree = "<group>";
		};
		171CD54C213B3BF900E264ED /* VIew Controller */ = {
			isa = PBXGroup;
			children = (
				1731E705211D717500D7E432 /* BeachForecastsViewController.swift */,
				17C2E5872122B66500FAB47E /* DetailedForecastViewController.swift */,
			);
			path = "VIew Controller";
			sourceTree = "<group>";
		};
		171CD54D213B3C0F00E264ED /* Model Controller */ = {
			isa = PBXGroup;
			children = (
				1731E6F7211D712100D7E432 /* BeachForecastController.swift */,
				1731E6F8211D712100D7E432 /* BeachForecastsDataSource.swift */,
				1731E6FA211D712100D7E432 /* NetworkController.swift */,
			);
			path = "Model Controller";
			sourceTree = "<group>";
		};
		1731E6D8211D6FA000D7E432 = {
			isa = PBXGroup;
			children = (
				1731E6E3211D6FA000D7E432 /* BeachBum */,
				1731E6E2211D6FA000D7E432 /* Products */,
				9DD9A4F6AA69857E54681462 /* Pods */,
				8A5CC2700D9424E800E829C8 /* Frameworks */,
			);
			sourceTree = "<group>";
		};
		1731E6E2211D6FA000D7E432 /* Products */ = {
			isa = PBXGroup;
			children = (
				1731E6E1211D6FA000D7E432 /* BeachBum.app */,
			);
			name = Products;
			sourceTree = "<group>";
		};
		1731E6E3211D6FA000D7E432 /* BeachBum */ = {
			isa = PBXGroup;
			children = (
				1731E6F6211D6FEF00D7E432 /* Supporting Files */,
				171CD54B213B3BE500E264ED /* View */,
				171CD549213B3BBF00E264ED /* Controller */,
				171CD54A213B3BCF00E264ED /* Model */,
				1731E6F0211D6FA200D7E432 /* Info.plist */,
				17E508A62131FD6300816317 /* GoogleService-Info.plist */,
			);
			path = BeachBum;
			sourceTree = "<group>";
		};
		1731E6F6211D6FEF00D7E432 /* Supporting Files */ = {
			isa = PBXGroup;
			children = (
				17E74554211E1AB50024B005 /* ThemeColors.swift */,
				1731E6E4211D6FA000D7E432 /* AppDelegate.swift */,
				1731E6EB211D6FA200D7E432 /* Assets.xcassets */,
				1731E6ED211D6FA200D7E432 /* LaunchScreen.storyboard */,
				171043D5213F6D1E0004930A /* FormattingData.swift */,
			);
			path = "Supporting Files";
			sourceTree = "<group>";
		};
		8A5CC2700D9424E800E829C8 /* Frameworks */ = {
			isa = PBXGroup;
			children = (
				E17C175CC179D0BE7914DF4B /* Pods_BeachBum.framework */,
			);
			name = Frameworks;
			sourceTree = "<group>";
		};
		9DD9A4F6AA69857E54681462 /* Pods */ = {
			isa = PBXGroup;
			children = (
				E012DD8D880FA3F72F7D17C7 /* Pods-BeachBum.debug.xcconfig */,
				FD59EC302CFF27A3DE139286 /* Pods-BeachBum.release.xcconfig */,
			);
			name = Pods;
			sourceTree = "<group>";
		};
/* End PBXGroup section */

/* Begin PBXNativeTarget section */
		1731E6E0211D6FA000D7E432 /* BeachBum */ = {
			isa = PBXNativeTarget;
			buildConfigurationList = 1731E6F3211D6FA200D7E432 /* Build configuration list for PBXNativeTarget "BeachBum" */;
			buildPhases = (
				B2F976A100C5010E4243BDE7 /* [CP] Check Pods Manifest.lock */,
				1731E6DD211D6FA000D7E432 /* Sources */,
				1731E6DE211D6FA000D7E432 /* Frameworks */,
				1731E6DF211D6FA000D7E432 /* Resources */,
				2D50235667F1CA848E32A023 /* [CP] Embed Pods Frameworks */,
			);
			buildRules = (
			);
			dependencies = (
			);
			name = BeachBum;
			productName = BeachBum;
			productReference = 1731E6E1211D6FA000D7E432 /* BeachBum.app */;
			productType = "com.apple.product-type.application";
		};
/* End PBXNativeTarget section */

/* Begin PBXProject section */
		1731E6D9211D6FA000D7E432 /* Project object */ = {
			isa = PBXProject;
			attributes = {
				LastSwiftUpdateCheck = 0940;
				LastUpgradeCheck = 0940;
				ORGANIZATIONNAME = "Jordan Dumlao";
				TargetAttributes = {
					1731E6E0211D6FA000D7E432 = {
						CreatedOnToolsVersion = 9.4.1;
					};
				};
			};
			buildConfigurationList = 1731E6DC211D6FA000D7E432 /* Build configuration list for PBXProject "BeachBum" */;
			compatibilityVersion = "Xcode 9.3";
			developmentRegion = en;
			hasScannedForEncodings = 0;
			knownRegions = (
				en,
				Base,
			);
			mainGroup = 1731E6D8211D6FA000D7E432;
			productRefGroup = 1731E6E2211D6FA000D7E432 /* Products */;
			projectDirPath = "";
			projectRoot = "";
			targets = (
				1731E6E0211D6FA000D7E432 /* BeachBum */,
			);
		};
/* End PBXProject section */

/* Begin PBXResourcesBuildPhase section */
		1731E6DF211D6FA000D7E432 /* Resources */ = {
			isa = PBXResourcesBuildPhase;
			buildActionMask = 2147483647;
			files = (
				1731E6EF211D6FA200D7E432 /* LaunchScreen.storyboard in Resources */,
				17E508A72131FD6300816317 /* GoogleService-Info.plist in Resources */,
				1731E6EC211D6FA200D7E432 /* Assets.xcassets in Resources */,
				171043D2213F13630004930A /* BeachForecastTableViewCell.xib in Resources */,
				1731E6EA211D6FA000D7E432 /* Main.storyboard in Resources */,
			);
			runOnlyForDeploymentPostprocessing = 0;
		};
/* End PBXResourcesBuildPhase section */

/* Begin PBXShellScriptBuildPhase section */
		2D50235667F1CA848E32A023 /* [CP] Embed Pods Frameworks */ = {
			isa = PBXShellScriptBuildPhase;
			buildActionMask = 2147483647;
			files = (
			);
			inputPaths = (
				"${SRCROOT}/Pods/Target Support Files/Pods-BeachBum/Pods-BeachBum-frameworks.sh",
				"${BUILT_PRODUCTS_DIR}/GTMSessionFetcher/GTMSessionFetcher.framework",
				"${BUILT_PRODUCTS_DIR}/GoogleUtilities/GoogleUtilities.framework",
				"${BUILT_PRODUCTS_DIR}/leveldb-library/leveldb.framework",
				"${BUILT_PRODUCTS_DIR}/nanopb/nanopb.framework",
			);
			name = "[CP] Embed Pods Frameworks";
			outputPaths = (
				"${TARGET_BUILD_DIR}/${FRAMEWORKS_FOLDER_PATH}/GTMSessionFetcher.framework",
				"${TARGET_BUILD_DIR}/${FRAMEWORKS_FOLDER_PATH}/GoogleUtilities.framework",
				"${TARGET_BUILD_DIR}/${FRAMEWORKS_FOLDER_PATH}/leveldb.framework",
				"${TARGET_BUILD_DIR}/${FRAMEWORKS_FOLDER_PATH}/nanopb.framework",
			);
			runOnlyForDeploymentPostprocessing = 0;
			shellPath = /bin/sh;
			shellScript = "\"${SRCROOT}/Pods/Target Support Files/Pods-BeachBum/Pods-BeachBum-frameworks.sh\"\n";
			showEnvVarsInLog = 0;
		};
		B2F976A100C5010E4243BDE7 /* [CP] Check Pods Manifest.lock */ = {
			isa = PBXShellScriptBuildPhase;
			buildActionMask = 2147483647;
			files = (
			);
			inputPaths = (
				"${PODS_PODFILE_DIR_PATH}/Podfile.lock",
				"${PODS_ROOT}/Manifest.lock",
			);
			name = "[CP] Check Pods Manifest.lock";
			outputPaths = (
				"$(DERIVED_FILE_DIR)/Pods-BeachBum-checkManifestLockResult.txt",
			);
			runOnlyForDeploymentPostprocessing = 0;
			shellPath = /bin/sh;
			shellScript = "diff \"${PODS_PODFILE_DIR_PATH}/Podfile.lock\" \"${PODS_ROOT}/Manifest.lock\" > /dev/null\nif [ $? != 0 ] ; then\n    # print error to STDERR\n    echo \"error: The sandbox is not in sync with the Podfile.lock. Run 'pod install' or update your CocoaPods installation.\" >&2\n    exit 1\nfi\n# This output is used by Xcode 'outputs' to avoid re-running this script phase.\necho \"SUCCESS\" > \"${SCRIPT_OUTPUT_FILE_0}\"\n";
			showEnvVarsInLog = 0;
		};
/* End PBXShellScriptBuildPhase section */

/* Begin PBXSourcesBuildPhase section */
		1731E6DD211D6FA000D7E432 /* Sources */ = {
			isa = PBXSourcesBuildPhase;
			buildActionMask = 2147483647;
			files = (
				1731E701211D712100D7E432 /* NetworkController.swift in Sources */,
				171043D1213F13630004930A /* BeachForecastTableViewCell.swift in Sources */,
				1731E6FE211D712100D7E432 /* BeachForecastController.swift in Sources */,
				171043D8213F6FE60004930A /* MockData.swift in Sources */,
				1731E703211D712100D7E432 /* Forecast.swift in Sources */,
				17D8FBE921407B2E009F20B1 /* BeachForecastsView.swift in Sources */,
				1731E706211D717500D7E432 /* BeachForecastsViewController.swift in Sources */,
				17C2E5882122B66500FAB47E /* DetailedForecastViewController.swift in Sources */,
				1731E700211D712100D7E432 /* Beach.swift in Sources */,
				17E74555211E1AB50024B005 /* ThemeColors.swift in Sources */,
				171043D6213F6D1E0004930A /* FormattingData.swift in Sources */,
				1731E6FF211D712100D7E432 /* BeachForecastsDataSource.swift in Sources */,
				1731E702211D712100D7E432 /* BeachForecast.swift in Sources */,
				1731E6E5211D6FA000D7E432 /* AppDelegate.swift in Sources */,
			);
			runOnlyForDeploymentPostprocessing = 0;
		};
/* End PBXSourcesBuildPhase section */

/* Begin PBXVariantGroup section */
		1731E6E8211D6FA000D7E432 /* Main.storyboard */ = {
			isa = PBXVariantGroup;
			children = (
				1731E6E9211D6FA000D7E432 /* Base */,
			);
			name = Main.storyboard;
			sourceTree = "<group>";
		};
		1731E6ED211D6FA200D7E432 /* LaunchScreen.storyboard */ = {
			isa = PBXVariantGroup;
			children = (
				1731E6EE211D6FA200D7E432 /* Base */,
			);
			name = LaunchScreen.storyboard;
			sourceTree = "<group>";
		};
/* End PBXVariantGroup section */

/* Begin XCBuildConfiguration section */
		1731E6F1211D6FA200D7E432 /* Debug */ = {
			isa = XCBuildConfiguration;
			buildSettings = {
				ALWAYS_SEARCH_USER_PATHS = NO;
				CLANG_ANALYZER_NONNULL = YES;
				CLANG_ANALYZER_NUMBER_OBJECT_CONVERSION = YES_AGGRESSIVE;
				CLANG_CXX_LANGUAGE_STANDARD = "gnu++14";
				CLANG_CXX_LIBRARY = "libc++";
				CLANG_ENABLE_MODULES = YES;
				CLANG_ENABLE_OBJC_ARC = YES;
				CLANG_ENABLE_OBJC_WEAK = YES;
				CLANG_WARN_BLOCK_CAPTURE_AUTORELEASING = YES;
				CLANG_WARN_BOOL_CONVERSION = YES;
				CLANG_WARN_COMMA = YES;
				CLANG_WARN_CONSTANT_CONVERSION = YES;
				CLANG_WARN_DEPRECATED_OBJC_IMPLEMENTATIONS = YES;
				CLANG_WARN_DIRECT_OBJC_ISA_USAGE = YES_ERROR;
				CLANG_WARN_DOCUMENTATION_COMMENTS = YES;
				CLANG_WARN_EMPTY_BODY = YES;
				CLANG_WARN_ENUM_CONVERSION = YES;
				CLANG_WARN_INFINITE_RECURSION = YES;
				CLANG_WARN_INT_CONVERSION = YES;
				CLANG_WARN_NON_LITERAL_NULL_CONVERSION = YES;
				CLANG_WARN_OBJC_IMPLICIT_RETAIN_SELF = YES;
				CLANG_WARN_OBJC_LITERAL_CONVERSION = YES;
				CLANG_WARN_OBJC_ROOT_CLASS = YES_ERROR;
				CLANG_WARN_RANGE_LOOP_ANALYSIS = YES;
				CLANG_WARN_STRICT_PROTOTYPES = YES;
				CLANG_WARN_SUSPICIOUS_MOVE = YES;
				CLANG_WARN_UNGUARDED_AVAILABILITY = YES_AGGRESSIVE;
				CLANG_WARN_UNREACHABLE_CODE = YES;
				CLANG_WARN__DUPLICATE_METHOD_MATCH = YES;
				CODE_SIGN_IDENTITY = "iPhone Developer";
				COPY_PHASE_STRIP = NO;
				DEBUG_INFORMATION_FORMAT = dwarf;
				ENABLE_STRICT_OBJC_MSGSEND = YES;
				ENABLE_TESTABILITY = YES;
				GCC_C_LANGUAGE_STANDARD = gnu11;
				GCC_DYNAMIC_NO_PIC = NO;
				GCC_NO_COMMON_BLOCKS = YES;
				GCC_OPTIMIZATION_LEVEL = 0;
				GCC_PREPROCESSOR_DEFINITIONS = (
					"DEBUG=1",
					"$(inherited)",
				);
				GCC_WARN_64_TO_32_BIT_CONVERSION = YES;
				GCC_WARN_ABOUT_RETURN_TYPE = YES_ERROR;
				GCC_WARN_UNDECLARED_SELECTOR = YES;
				GCC_WARN_UNINITIALIZED_AUTOS = YES_AGGRESSIVE;
				GCC_WARN_UNUSED_FUNCTION = YES;
				GCC_WARN_UNUSED_VARIABLE = YES;
				IPHONEOS_DEPLOYMENT_TARGET = 11.4;
				MTL_ENABLE_DEBUG_INFO = YES;
				ONLY_ACTIVE_ARCH = YES;
				SDKROOT = iphoneos;
				SWIFT_ACTIVE_COMPILATION_CONDITIONS = DEBUG;
				SWIFT_OPTIMIZATION_LEVEL = "-Onone";
			};
			name = Debug;
		};
		1731E6F2211D6FA200D7E432 /* Release */ = {
			isa = XCBuildConfiguration;
			buildSettings = {
				ALWAYS_SEARCH_USER_PATHS = NO;
				CLANG_ANALYZER_NONNULL = YES;
				CLANG_ANALYZER_NUMBER_OBJECT_CONVERSION = YES_AGGRESSIVE;
				CLANG_CXX_LANGUAGE_STANDARD = "gnu++14";
				CLANG_CXX_LIBRARY = "libc++";
				CLANG_ENABLE_MODULES = YES;
				CLANG_ENABLE_OBJC_ARC = YES;
				CLANG_ENABLE_OBJC_WEAK = YES;
				CLANG_WARN_BLOCK_CAPTURE_AUTORELEASING = YES;
				CLANG_WARN_BOOL_CONVERSION = YES;
				CLANG_WARN_COMMA = YES;
				CLANG_WARN_CONSTANT_CONVERSION = YES;
				CLANG_WARN_DEPRECATED_OBJC_IMPLEMENTATIONS = YES;
				CLANG_WARN_DIRECT_OBJC_ISA_USAGE = YES_ERROR;
				CLANG_WARN_DOCUMENTATION_COMMENTS = YES;
				CLANG_WARN_EMPTY_BODY = YES;
				CLANG_WARN_ENUM_CONVERSION = YES;
				CLANG_WARN_INFINITE_RECURSION = YES;
				CLANG_WARN_INT_CONVERSION = YES;
				CLANG_WARN_NON_LITERAL_NULL_CONVERSION = YES;
				CLANG_WARN_OBJC_IMPLICIT_RETAIN_SELF = YES;
				CLANG_WARN_OBJC_LITERAL_CONVERSION = YES;
				CLANG_WARN_OBJC_ROOT_CLASS = YES_ERROR;
				CLANG_WARN_RANGE_LOOP_ANALYSIS = YES;
				CLANG_WARN_STRICT_PROTOTYPES = YES;
				CLANG_WARN_SUSPICIOUS_MOVE = YES;
				CLANG_WARN_UNGUARDED_AVAILABILITY = YES_AGGRESSIVE;
				CLANG_WARN_UNREACHABLE_CODE = YES;
				CLANG_WARN__DUPLICATE_METHOD_MATCH = YES;
				CODE_SIGN_IDENTITY = "iPhone Developer";
				COPY_PHASE_STRIP = NO;
				DEBUG_INFORMATION_FORMAT = "dwarf-with-dsym";
				ENABLE_NS_ASSERTIONS = NO;
				ENABLE_STRICT_OBJC_MSGSEND = YES;
				GCC_C_LANGUAGE_STANDARD = gnu11;
				GCC_NO_COMMON_BLOCKS = YES;
				GCC_WARN_64_TO_32_BIT_CONVERSION = YES;
				GCC_WARN_ABOUT_RETURN_TYPE = YES_ERROR;
				GCC_WARN_UNDECLARED_SELECTOR = YES;
				GCC_WARN_UNINITIALIZED_AUTOS = YES_AGGRESSIVE;
				GCC_WARN_UNUSED_FUNCTION = YES;
				GCC_WARN_UNUSED_VARIABLE = YES;
				IPHONEOS_DEPLOYMENT_TARGET = 11.4;
				MTL_ENABLE_DEBUG_INFO = NO;
				SDKROOT = iphoneos;
				SWIFT_COMPILATION_MODE = wholemodule;
				SWIFT_OPTIMIZATION_LEVEL = "-O";
				VALIDATE_PRODUCT = YES;
			};
			name = Release;
		};
		1731E6F4211D6FA200D7E432 /* Debug */ = {
			isa = XCBuildConfiguration;
			baseConfigurationReference = E012DD8D880FA3F72F7D17C7 /* Pods-BeachBum.debug.xcconfig */;
			buildSettings = {
				ASSETCATALOG_COMPILER_APPICON_NAME = AppIcon;
				CODE_SIGN_IDENTITY = "iPhone Developer";
				CODE_SIGN_STYLE = Automatic;
				DEVELOPMENT_TEAM = 7DDY4G5VW4;
				INFOPLIST_FILE = BeachBum/Info.plist;
				LD_RUNPATH_SEARCH_PATHS = (
					"$(inherited)",
					"@executable_path/Frameworks",
				);
				PRODUCT_BUNDLE_IDENTIFIER = com.jordandumlao.BeachBum;
				PRODUCT_NAME = "$(TARGET_NAME)";
				PROVISIONING_PROFILE_SPECIFIER = "";
				SWIFT_VERSION = 4.0;
				TARGETED_DEVICE_FAMILY = 1;
			};
			name = Debug;
		};
		1731E6F5211D6FA200D7E432 /* Release */ = {
			isa = XCBuildConfiguration;
			baseConfigurationReference = FD59EC302CFF27A3DE139286 /* Pods-BeachBum.release.xcconfig */;
			buildSettings = {
				ASSETCATALOG_COMPILER_APPICON_NAME = AppIcon;
				CODE_SIGN_IDENTITY = "iPhone Developer";
				CODE_SIGN_STYLE = Automatic;
				DEVELOPMENT_TEAM = 7DDY4G5VW4;
				INFOPLIST_FILE = BeachBum/Info.plist;
				LD_RUNPATH_SEARCH_PATHS = (
					"$(inherited)",
					"@executable_path/Frameworks",
				);
				PRODUCT_BUNDLE_IDENTIFIER = com.jordandumlao.BeachBum;
				PRODUCT_NAME = "$(TARGET_NAME)";
				PROVISIONING_PROFILE_SPECIFIER = "";
				SWIFT_VERSION = 4.0;
				TARGETED_DEVICE_FAMILY = 1;
			};
			name = Release;
		};
/* End XCBuildConfiguration section */

/* Begin XCConfigurationList section */
		1731E6DC211D6FA000D7E432 /* Build configuration list for PBXProject "BeachBum" */ = {
			isa = XCConfigurationList;
			buildConfigurations = (
				1731E6F1211D6FA200D7E432 /* Debug */,
				1731E6F2211D6FA200D7E432 /* Release */,
			);
			defaultConfigurationIsVisible = 0;
			defaultConfigurationName = Release;
		};
		1731E6F3211D6FA200D7E432 /* Build configuration list for PBXNativeTarget "BeachBum" */ = {
			isa = XCConfigurationList;
			buildConfigurations = (
				1731E6F4211D6FA200D7E432 /* Debug */,
				1731E6F5211D6FA200D7E432 /* Release */,
			);
			defaultConfigurationIsVisible = 0;
			defaultConfigurationName = Release;
		};
/* End XCConfigurationList section */
	};
	rootObject = 1731E6D9211D6FA000D7E432 /* Project object */;
}
